// !$*UTF8*$!
{
	archiveVersion = 1;
	classes = {
	};
	objectVersion = 48;
	objects = {

/* Begin PBXBuildFile section */
		D44C55EE20720F750027F2D7 /* AppDelegate.swift in Sources */ = {isa = PBXBuildFile; fileRef = D44C55ED20720F750027F2D7 /* AppDelegate.swift */; };
		D44C55F020720F750027F2D7 /* ViewController.swift in Sources */ = {isa = PBXBuildFile; fileRef = D44C55EF20720F750027F2D7 /* ViewController.swift */; };
		D44C55F320720F750027F2D7 /* Main.storyboard in Resources */ = {isa = PBXBuildFile; fileRef = D44C55F120720F750027F2D7 /* Main.storyboard */; };
		D44C55F520720F750027F2D7 /* Assets.xcassets in Resources */ = {isa = PBXBuildFile; fileRef = D44C55F420720F750027F2D7 /* Assets.xcassets */; };
		D44C55F820720F750027F2D7 /* LaunchScreen.storyboard in Resources */ = {isa = PBXBuildFile; fileRef = D44C55F620720F750027F2D7 /* LaunchScreen.storyboard */; };
		D44C5600207215BB0027F2D7 /* SettingViewController.swift in Sources */ = {isa = PBXBuildFile; fileRef = D44C55FF207215BB0027F2D7 /* SettingViewController.swift */; };
/* End PBXBuildFile section */

/* Begin PBXFileReference section */
		D44C55EA20720F750027F2D7 /* MyTimer.app */ = {isa = PBXFileReference; explicitFileType = wrapper.application; includeInIndex = 0; path = MyTimer.app; sourceTree = BUILT_PRODUCTS_DIR; };
		D44C55ED20720F750027F2D7 /* AppDelegate.swift */ = {isa = PBXFileReference; lastKnownFileType = sourcecode.swift; path = AppDelegate.swift; sourceTree = "<group>"; };
		D44C55EF20720F750027F2D7 /* ViewController.swift */ = {isa = PBXFileReference; lastKnownFileType = sourcecode.swift; path = ViewController.swift; sourceTree = "<group>"; };
		D44C55F220720F750027F2D7 /* Base */ = {isa = PBXFileReference; lastKnownFileType = file.storyboard; name = Base; path = Base.lproj/Main.storyboard; sourceTree = "<group>"; };
		D44C55F420720F750027F2D7 /* Assets.xcassets */ = {isa = PBXFileReference; lastKnownFileType = folder.assetcatalog; path = Assets.xcassets; sourceTree = "<group>"; };
		D44C55F720720F750027F2D7 /* Base */ = {isa = PBXFileReference; lastKnownFileType = file.storyboard; name = Base; path = Base.lproj/LaunchScreen.storyboard; sourceTree = "<group>"; };
		D44C55F920720F750027F2D7 /* Info.plist */ = {isa = PBXFileReference; lastKnownFileType = text.plist.xml; path = Info.plist; sourceTree = "<group>"; };
		D44C55FF207215BB0027F2D7 /* SettingViewController.swift */ = {isa = PBXFileReference; lastKnownFileType = sourcecode.swift; path = SettingViewController.swift; sourceTree = "<group>"; };
/* End PBXFileReference section */

/* Begin PBXFrameworksBuildPhase section */
		D44C55E720720F750027F2D7 /* Frameworks */ = {
			isa = PBXFrameworksBuildPhase;
			buildActionMask = 2147483647;
			files = (
			);
			runOnlyForDeploymentPostprocessing = 0;
		};
/* End PBXFrameworksBuildPhase section */

/* Begin PBXGroup section */
		D44C55E120720F750027F2D7 = {
			isa = PBXGroup;
			children = (
				D44C55EC20720F750027F2D7 /* MyTimer */,
				D44C55EB20720F750027F2D7 /* Products */,
			);
			sourceTree = "<group>";
		};
		D44C55EB20720F750027F2D7 /* Products */ = {
			isa = PBXGroup;
			children = (
				D44C55EA20720F750027F2D7 /* MyTimer.app */,
			);
			name = Products;
			sourceTree = "<group>";
		};
		D44C55EC20720F750027F2D7 /* MyTimer */ = {
			isa = PBXGroup;
			children = (
				D44C55ED20720F750027F2D7 /* AppDelegate.swift */,
				D44C55EF20720F750027F2D7 /* ViewController.swift */,
				D44C55F120720F750027F2D7 /* Main.storyboard */,
				D44C55FF207215BB0027F2D7 /* SettingViewController.swift */,
				D44C55F420720F750027F2D7 /* Assets.xcassets */,
				D44C55F620720F750027F2D7 /* LaunchScreen.storyboard */,
				D44C55F920720F750027F2D7 /* Info.plist */,
			);
			path = MyTimer;
			sourceTree = "<group>";
		};
/* End PBXGroup section */

/* Begin PBXNativeTarget section */
		D44C55E920720F750027F2D7 /* MyTimer */ = {
			isa = PBXNativeTarget;
			buildConfigurationList = D44C55FC20720F750027F2D7 /* Build configuration list for PBXNativeTarget "MyTimer" */;
			buildPhases = (
				D44C55E620720F750027F2D7 /* Sources */,
				D44C55E720720F750027F2D7 /* Frameworks */,
				D44C55E820720F750027F2D7 /* Resources */,
			);
			buildRules = (
			);
			dependencies = (
			);
			name = MyTimer;
			productName = MyTimer;
			productReference = D44C55EA20720F750027F2D7 /* MyTimer.app */;
			productType = "com.apple.product-type.application";
		};
/* End PBXNativeTarget section */

/* Begin PBXProject section */
		D44C55E220720F750027F2D7 /* Project object */ = {
			isa = PBXProject;
			attributes = {
				LastSwiftUpdateCheck = 0920;
				LastUpgradeCheck = 0920;
				ORGANIZATIONNAME = shima;
				TargetAttributes = {
					D44C55E920720F750027F2D7 = {
						CreatedOnToolsVersion = 9.2;
						ProvisioningStyle = Automatic;
					};
				};
			};
			buildConfigurationList = D44C55E520720F750027F2D7 /* Build configuration list for PBXProject "MyTimer" */;
			compatibilityVersion = "Xcode 8.0";
			developmentRegion = en;
			hasScannedForEncodings = 0;
			knownRegions = (
				en,
				Base,
			);
			mainGroup = D44C55E120720F750027F2D7;
			productRefGroup = D44C55EB20720F750027F2D7 /* Products */;
			projectDirPath = "";
			projectRoot = "";
			targets = (
				D44C55E920720F750027F2D7 /* MyTimer */,
			);
		};
/* End PBXProject section */

/* Begin PBXResourcesBuildPhase section */
		D44C55E820720F750027F2D7 /* Resources */ = {
			isa = PBXResourcesBuildPhase;
			buildActionMask = 2147483647;
			files = (
				D44C55F820720F750027F2D7 /* LaunchScreen.storyboard in Resources */,
				D44C55F520720F750027F2D7 /* Assets.xcassets in Resources */,
				D44C55F320720F750027F2D7 /* Main.storyboard in Resources */,
			);
			runOnlyForDeploymentPostprocessing = 0;
		};
/* End PBXResourcesBuildPhase section */

/* Begin PBXSourcesBuildPhase section */
		D44C55E620720F750027F2D7 /* Sources */ = {
			isa = PBXSourcesBuildPhase;
			buildActionMask = 2147483647;
			files = (
				D44C55F020720F750027F2D7 /* ViewController.swift in Sources */,
				D44C55EE20720F750027F2D7 /* AppDelegate.swift in Sources */,
				D44C5600207215BB0027F2D7 /* SettingViewController.swift in Sources */,
			);
			runOnlyForDeploymentPostprocessing = 0;
		};
/* End PBXSourcesBuildPhase section */

/* Begin PBXVariantGroup section */
		D44C55F120720F750027F2D7 /* Main.storyboard */ = {
			isa = PBXVariantGroup;
			children = (
				D44C55F220720F750027F2D7 /* Base */,
			);
			name = Main.storyboard;
			sourceTree = "<group>";
		};
		D44C55F620720F750027F2D7 /* LaunchScreen.storyboard */ = {
			isa = PBXVariantGroup;
			children = (
				D44C55F720720F750027F2D7 /* Base */,
			);
			name = LaunchScreen.storyboard;
			sourceTree = "<group>";
		};
/* End PBXVariantGroup section */

/* Begin XCBuildConfiguration section */
		D44C55FA20720F750027F2D7 /* Debug */ = {
			isa = XCBuildConfiguration;
			buildSettings = {
				ALWAYS_SEARCH_USER_PATHS = NO;
				CLANG_ANALYZER_NONNULL = YES;
				CLANG_ANALYZER_NUMBER_OBJECT_CONVERSION = YES_AGGRESSIVE;
				CLANG_CXX_LANGUAGE_STANDARD = "gnu++14";
				CLANG_CXX_LIBRARY = "libc++";
				CLANG_ENABLE_MODULES = YES;
				CLANG_ENABLE_OBJC_ARC = YES;
				CLANG_WARN_BLOCK_CAPTURE_AUTORELEASING = YES;
				CLANG_WARN_BOOL_CONVERSION = YES;
				CLANG_WARN_COMMA = YES;
				CLANG_WARN_CONSTANT_CONVERSION = YES;
				CLANG_WARN_DIRECT_OBJC_ISA_USAGE = YES_ERROR;
				CLANG_WARN_DOCUMENTATION_COMMENTS = YES;
				CLANG_WARN_EMPTY_BODY = YES;
				CLANG_WARN_ENUM_CONVERSION = YES;
				CLANG_WARN_INFINITE_RECURSION = YES;
				CLANG_WARN_INT_CONVERSION = YES;
				CLANG_WARN_NON_LITERAL_NULL_CONVERSION = YES;
				CLANG_WARN_OBJC_LITERAL_CONVERSION = YES;
				CLANG_WARN_OBJC_ROOT_CLASS = YES_ERROR;
				CLANG_WARN_RANGE_LOOP_ANALYSIS = YES;
				CLANG_WARN_STRICT_PROTOTYPES = YES;
				CLANG_WARN_SUSPICIOUS_MOVE = YES;
				CLANG_WARN_UNGUARDED_AVAILABILITY = YES_AGGRESSIVE;
				CLANG_WARN_UNREACHABLE_CODE = YES;
				CLANG_WARN__DUPLICATE_METHOD_MATCH = YES;
				CODE_SIGN_IDENTITY = "iPhone Developer";
				COPY_PHASE_STRIP = NO;
				DEBUG_INFORMATION_FORMAT = dwarf;
				ENABLE_STRICT_OBJC_MSGSEND = YES;
				ENABLE_TESTABILITY = YES;
				GCC_C_LANGUAGE_STANDARD = gnu11;
				GCC_DYNAMIC_NO_PIC = NO;
				GCC_NO_COMMON_BLOCKS = YES;
				GCC_OPTIMIZATION_LEVEL = 0;
				GCC_PREPROCESSOR_DEFINITIONS = (
					"DEBUG=1",
					"$(inherited)",
				);
				GCC_WARN_64_TO_32_BIT_CONVERSION = YES;
				GCC_WARN_ABOUT_RETURN_TYPE = YES_ERROR;
				GCC_WARN_UNDECLARED_SELECTOR = YES;
				GCC_WARN_UNINITIALIZED_AUTOS = YES_AGGRESSIVE;
				GCC_WARN_UNUSED_FUNCTION = YES;
				GCC_WARN_UNUSED_VARIABLE = YES;
				IPHONEOS_DEPLOYMENT_TARGET = 11.2;
				MTL_ENABLE_DEBUG_INFO = YES;
				ONLY_ACTIVE_ARCH = YES;
				SDKROOT = iphoneos;
				SWIFT_ACTIVE_COMPILATION_CONDITIONS = DEBUG;
				SWIFT_OPTIMIZATION_LEVEL = "-Onone";
			};
			name = Debug;
		};
		D44C55FB20720F750027F2D7 /* Release */ = {
			isa = XCBuildConfiguration;
			buildSettings = {
				ALWAYS_SEARCH_USER_PATHS = NO;
				CLANG_ANALYZER_NONNULL = YES;
				CLANG_ANALYZER_NUMBER_OBJECT_CONVERSION = YES_AGGRESSIVE;
				CLANG_CXX_LANGUAGE_STANDARD = "gnu++14";
				CLANG_CXX_LIBRARY = "libc++";
				CLANG_ENABLE_MODULES = YES;
				CLANG_ENABLE_OBJC_ARC = YES;
				CLANG_WARN_BLOCK_CAPTURE_AUTORELEASING = YES;
				CLANG_WARN_BOOL_CONVERSION = YES;
				CLANG_WARN_COMMA = YES;
				CLANG_WARN_CONSTANT_CONVERSION = YES;
				CLANG_WARN_DIRECT_OBJC_ISA_USAGE = YES_ERROR;
				CLANG_WARN_DOCUMENTATION_COMMENTS = YES;
				CLANG_WARN_EMPTY_BODY = YES;
				CLANG_WARN_ENUM_CONVERSION = YES;
				CLANG_WARN_INFINITE_RECURSION = YES;
				CLANG_WARN_INT_CONVERSION = YES;
				CLANG_WARN_NON_LITERAL_NULL_CONVERSION = YES;
				CLANG_WARN_OBJC_LITERAL_CONVERSION = YES;
				CLANG_WARN_OBJC_ROOT_CLASS = YES_ERROR;
				CLANG_WARN_RANGE_LOOP_ANALYSIS = YES;
				CLANG_WARN_STRICT_PROTOTYPES = YES;
				CLANG_WARN_SUSPICIOUS_MOVE = YES;
				CLANG_WARN_UNGUARDED_AVAILABILITY = YES_AGGRESSIVE;
				CLANG_WARN_UNREACHABLE_CODE = YES;
				CLANG_WARN__DUPLICATE_METHOD_MATCH = YES;
				CODE_SIGN_IDENTITY = "iPhone Developer";
				COPY_PHASE_STRIP = NO;
				DEBUG_INFORMATION_FORMAT = "dwarf-with-dsym";
				ENABLE_NS_ASSERTIONS = NO;
				ENABLE_STRICT_OBJC_MSGSEND = YES;
				GCC_C_LANGUAGE_STANDARD = gnu11;
				GCC_NO_COMMON_BLOCKS = YES;
				GCC_WARN_64_TO_32_BIT_CONVERSION = YES;
				GCC_WARN_ABOUT_RETURN_TYPE = YES_ERROR;
				GCC_WARN_UNDECLARED_SELECTOR = YES;
				GCC_WARN_UNINITIALIZED_AUTOS = YES_AGGRESSIVE;
				GCC_WARN_UNUSED_FUNCTION = YES;
				GCC_WARN_UNUSED_VARIABLE = YES;
				IPHONEOS_DEPLOYMENT_TARGET = 11.2;
				MTL_ENABLE_DEBUG_INFO = NO;
				SDKROOT = iphoneos;
				SWIFT_OPTIMIZATION_LEVEL = "-Owholemodule";
				VALIDATE_PRODUCT = YES;
			};
			name = Release;
		};
		D44C55FD20720F750027F2D7 /* Debug */ = {
			isa = XCBuildConfiguration;
			buildSettings = {
				ASSETCATALOG_COMPILER_APPICON_NAME = AppIcon;
				CODE_SIGN_STYLE = Automatic;
				DEVELOPMENT_TEAM = NGGUSK77JC;
				INFOPLIST_FILE = MyTimer/Info.plist;
				LD_RUNPATH_SEARCH_PATHS = "$(inherited) @executable_path/Frameworks";
				PRODUCT_BUNDLE_IDENTIFIER = "jakky0529-gmail.com.MyTimer";
				PRODUCT_NAME = "$(TARGET_NAME)";
				SWIFT_VERSION = 4.0;
				TARGETED_DEVICE_FAMILY = "1,2";
			};
			name = Debug;
		};
		D44C55FE20720F750027F2D7 /* Release */ = {
			isa = XCBuildConfiguration;
			buildSettings = {
				ASSETCATALOG_COMPILER_APPICON_NAME = AppIcon;
				CODE_SIGN_STYLE = Automatic;
				DEVELOPMENT_TEAM = NGGUSK77JC;
				INFOPLIST_FILE = MyTimer/Info.plist;
				LD_RUNPATH_SEARCH_PATHS = "$(inherited) @executable_path/Frameworks";
				PRODUCT_BUNDLE_IDENTIFIER = "jakky0529-gmail.com.MyTimer";
				PRODUCT_NAME = "$(TARGET_NAME)";
				SWIFT_VERSION = 4.0;
				TARGETED_DEVICE_FAMILY = "1,2";
			};
			name = Release;
		};
/* End XCBuildConfiguration section */

/* Begin XCConfigurationList section */
		D44C55E520720F750027F2D7 /* Build configuration list for PBXProject "MyTimer" */ = {
			isa = XCConfigurationList;
			buildConfigurations = (
				D44C55FA20720F750027F2D7 /* Debug */,
				D44C55FB20720F750027F2D7 /* Release */,
			);
			defaultConfigurationIsVisible = 0;
			defaultConfigurationName = Release;
		};
		D44C55FC20720F750027F2D7 /* Build configuration list for PBXNativeTarget "MyTimer" */ = {
			isa = XCConfigurationList;
			buildConfigurations = (
				D44C55FD20720F750027F2D7 /* Debug */,
				D44C55FE20720F750027F2D7 /* Release */,
			);
			defaultConfigurationIsVisible = 0;
			defaultConfigurationName = Release;
		};
/* End XCConfigurationList section */
	};
	rootObject = D44C55E220720F750027F2D7 /* Project object */;
}
